
Microsoft Visual Studio Solution File, Format Version 12.00
# Visual Studio 14
VisualStudioVersion = 14.0.25420.1
MinimumVisualStudioVersion = 10.0.40219.1
Project("{FAE04EC0-301F-11D3-BF4B-00C04F79EFBC}") = "webservice2", "webservice2\webservice2.csproj", "{1C255129-6649-4B24-9B5B-0B71DA6ECCEC}"
EndProject
Global
	GlobalSection(SolutionConfigurationPlatforms) = preSolution
		Debug|Any CPU = Debug|Any CPU
		Release|Any CPU = Release|Any CPU
	EndGlobalSection
	GlobalSection(ProjectConfigurationPlatforms) = postSolution
		{1C255129-6649-4B24-9B5B-0B71DA6ECCEC}.Debug|Any CPU.ActiveCfg = Debug|Any CPU
		{1C255129-6649-4B24-9B5B-0B71DA6ECCEC}.Debug|Any CPU.Build.0 = Debug|Any CPU
		{1C255129-6649-4B24-9B5B-0B71DA6ECCEC}.Release|Any CPU.ActiveCfg = Release|Any CPU
		{1C255129-6649-4B24-9B5B-0B71DA6ECCEC}.Release|Any CPU.Build.0 = Release|Any CPU
	EndGlobalSection
	GlobalSection(SolutionProperties) = preSolution
		HideSolutionNode = FALSE
	EndGlobalSection
EndGlobal
